
Microsoft Visual Studio Solution File, Format Version 12.00
# Visual Studio Version 17
VisualStudioVersion = 17.0.31903.59
MinimumVisualStudioVersion = 10.0.40219.1
Project("{FAE04EC0-301F-11D3-BF4B-00C04F79EFBC}") = "CPU-Y", "CPU-Y.csproj", "{4D66565D-61DD-4B93-AFDA-B5DE31681A54}"
EndProject
Global
	GlobalSection(SolutionConfigurationPlatforms) = preSolution
		Debug|x64 = Debug|x64
		Release|x64 = Release|x64
	EndGlobalSection
	GlobalSection(ProjectConfigurationPlatforms) = postSolution
		{4D66565D-61DD-4B93-AFDA-B5DE31681A54}.Debug|x64.ActiveCfg = Debug|x64
		{4D66565D-61DD-4B93-AFDA-B5DE31681A54}.Debug|x64.Build.0 = Debug|x64
		{4D66565D-61DD-4B93-AFDA-B5DE31681A54}.Release|x64.ActiveCfg = Release|x64
		{4D66565D-61DD-4B93-AFDA-B5DE31681A54}.Release|x64.Build.0 = Release|x64
	EndGlobalSection
	GlobalSection(SolutionProperties) = preSolution
		HideSolutionNode = FALSE
	EndGlobalSection
	GlobalSection(ExtensibilityGlobals) = postSolution
		SolutionGuid = {7AADC1D8-4E69-4CE5-983C-11A439BF7276}
	EndGlobalSection
EndGlobal
